
Microsoft Visual Studio Solution File, Format Version 12.00
# Visual Studio Version 17
VisualStudioVersion = 17.9.34728.123
MinimumVisualStudioVersion = 10.0.40219.1
Project("{8BC9CEB8-8B4A-11D0-8D11-00A0C91BC942}") = "DataContainers", "DataContainers\DataContainers.vcxproj", "{E45432B6-C91D-446E-8524-523E8E51BD48}"
EndProject
Project("{8BC9CEB8-8B4A-11D0-8D11-00A0C91BC942}") = "ForwardList", "ForwardList\ForwardList.vcxproj", "{5C3AE4DC-805B-4C68-AD49-BE0271694BC8}"
EndProject
Project("{8BC9CEB8-8B4A-11D0-8D11-00A0C91BC942}") = "List", "List\List.vcxproj", "{C98E884C-75B5-41FE-AD17-8FDF924317F7}"
EndProject
Global
	GlobalSection(SolutionConfigurationPlatforms) = preSolution
		Debug|x64 = Debug|x64
		Debug|x86 = Debug|x86
		Release|x64 = Release|x64
		Release|x86 = Release|x86
	EndGlobalSection
	GlobalSection(ProjectConfigurationPlatforms) = postSolution
		{E45432B6-C91D-446E-8524-523E8E51BD48}.Debug|x64.ActiveCfg = Debug|x64
		{E45432B6-C91D-446E-8524-523E8E51BD48}.Debug|x64.Build.0 = Debug|x64
		{E45432B6-C91D-446E-8524-523E8E51BD48}.Debug|x86.ActiveCfg = Debug|Win32
		{E45432B6-C91D-446E-8524-523E8E51BD48}.Debug|x86.Build.0 = Debug|Win32
		{E45432B6-C91D-446E-8524-523E8E51BD48}.Release|x64.ActiveCfg = Release|x64
		{E45432B6-C91D-446E-8524-523E8E51BD48}.Release|x64.Build.0 = Release|x64
		{E45432B6-C91D-446E-8524-523E8E51BD48}.Release|x86.ActiveCfg = Release|Win32
		{E45432B6-C91D-446E-8524-523E8E51BD48}.Release|x86.Build.0 = Release|Win32
		{5C3AE4DC-805B-4C68-AD49-BE0271694BC8}.Debug|x64.ActiveCfg = Debug|x64
		{5C3AE4DC-805B-4C68-AD49-BE0271694BC8}.Debug|x64.Build.0 = Debug|x64
		{5C3AE4DC-805B-4C68-AD49-BE0271694BC8}.Debug|x86.ActiveCfg = Debug|Win32
		{5C3AE4DC-805B-4C68-AD49-BE0271694BC8}.Debug|x86.Build.0 = Debug|Win32
		{5C3AE4DC-805B-4C68-AD49-BE0271694BC8}.Release|x64.ActiveCfg = Release|x64
		{5C3AE4DC-805B-4C68-AD49-BE0271694BC8}.Release|x64.Build.0 = Release|x64
		{5C3AE4DC-805B-4C68-AD49-BE0271694BC8}.Release|x86.ActiveCfg = Release|Win32
		{5C3AE4DC-805B-4C68-AD49-BE0271694BC8}.Release|x86.Build.0 = Release|Win32
		{C98E884C-75B5-41FE-AD17-8FDF924317F7}.Debug|x64.ActiveCfg = Debug|x64
		{C98E884C-75B5-41FE-AD17-8FDF924317F7}.Debug|x64.Build.0 = Debug|x64
		{C98E884C-75B5-41FE-AD17-8FDF924317F7}.Debug|x86.ActiveCfg = Debug|Win32
		{C98E884C-75B5-41FE-AD17-8FDF924317F7}.Debug|x86.Build.0 = Debug|Win32
		{C98E884C-75B5-41FE-AD17-8FDF924317F7}.Release|x64.ActiveCfg = Release|x64
		{C98E884C-75B5-41FE-AD17-8FDF924317F7}.Release|x64.Build.0 = Release|x64
		{C98E884C-75B5-41FE-AD17-8FDF924317F7}.Release|x86.ActiveCfg = Release|Win32
		{C98E884C-75B5-41FE-AD17-8FDF924317F7}.Release|x86.Build.0 = Release|Win32
	EndGlobalSection
	GlobalSection(SolutionProperties) = preSolution
		HideSolutionNode = FALSE
	EndGlobalSection
	GlobalSection(ExtensibilityGlobals) = postSolution
		SolutionGuid = {E0832A03-3558-4F2F-877C-86BCBC46F96F}
	EndGlobalSection
EndGlobal
